PODS:
  - ObjectivePatterns (0.2.0)
  - OCMock (2.2.3)

DEPENDENCIES:
  - ObjectivePatterns (from `../ObjectivePatterns.podspec`)
  - OCMock

EXTERNAL SOURCES:
  ObjectivePatterns:
    :path: ../ObjectivePatterns.podspec

SPEC CHECKSUMS:
  ObjectivePatterns: 805dceeb0ca9ecf2f3e30ff8fa4358867ce441c3
  OCMock: 74e4ddbcef134170dcc844f91c691f13868075d7

COCOAPODS: 0.29.0
