PODS:
  - ObjectivePatterns (0.3.0)
  - OCMock (2.2.3)

DEPENDENCIES:
  - ObjectivePatterns (from `../ObjectivePatterns.podspec`)
  - OCMock

EXTERNAL SOURCES:
  ObjectivePatterns:
    :path: ../ObjectivePatterns.podspec

SPEC CHECKSUMS:
  ObjectivePatterns: 65f88bfa537bbf5b612fdbeee25134f84351a93b
  OCMock: 74e4ddbcef134170dcc844f91c691f13868075d7

COCOAPODS: 0.29.0
